version = 1
revision = 3
requires-python = ">=3.11"

[[package]]
name = "certifi"
version = "2025.1.31"
source = { registry = "https://pypi.org/simple" }
sdist = { url = "https://files.pythonhosted.org/packages/1c/ab/c9f1e32b7b1bf505bf26f0ef697775960db7932abeb7b516de930ba2705f/certifi-2025.1.31.tar.gz", hash = "sha256:3d5da6925056f6f18f119200434a4780a94263f10d1c21d032a6f6b2baa20651", size = 167577, upload-time = "2025-01-31T02:16:47.166Z" }
wheels = [
    { url = "https://files.pythonhosted.org/packages/38/fc/bce832fd4fd99766c04d1ee0eead6b0ec6486fb100ae5e74c1d91292b982/certifi-2025.1.31-py3-none-any.whl", hash = "sha256:ca78db4565a652026a4db2bcdf68f2fb589ea80d0be70e03929ed730746b84fe", size = 166393, upload-time = "2025-01-31T02:16:45.015Z" },
]

[[package]]
name = "charset-normalizer"
version = "3.4.1"
source = { registry = "https://pypi.org/simple" }
sdist = { url = "https://files.pythonhosted.org/packages/16/b0/572805e227f01586461c80e0fd25d65a2115599cc9dad142fee4b747c357/charset_normalizer-3.4.1.tar.gz", hash = "sha256:44251f18cd68a75b56585dd00dae26183e102cd5e0f9f1466e6df5da2ed64ea3", size = 123188, upload-time = "2024-12-24T18:12:35.43Z" }
wheels = [
    { url = "https://files.pythonhosted.org/packages/72/80/41ef5d5a7935d2d3a773e3eaebf0a9350542f2cab4eac59a7a4741fbbbbe/charset_normalizer-3.4.1-cp311-cp311-macosx_10_9_universal2.whl", hash = "sha256:8bfa33f4f2672964266e940dd22a195989ba31669bd84629f05fab3ef4e2d125", size = 194995, upload-time = "2024-12-24T18:10:12.838Z" },
    { url = "https://files.pythonhosted.org/packages/7a/28/0b9fefa7b8b080ec492110af6d88aa3dea91c464b17d53474b6e9ba5d2c5/charset_normalizer-3.4.1-cp311-cp311-manylinux_2_17_aarch64.manylinux2014_aarch64.whl", hash = "sha256:28bf57629c75e810b6ae989f03c0828d64d6b26a5e205535585f96093e405ed1", size = 139471, upload-time = "2024-12-24T18:10:14.101Z" },
    { url = "https://files.pythonhosted.org/packages/71/64/d24ab1a997efb06402e3fc07317e94da358e2585165930d9d59ad45fcae2/charset_normalizer-3.4.1-cp311-cp311-manylinux_2_17_ppc64le.manylinux2014_ppc64le.whl", hash = "sha256:f08ff5e948271dc7e18a35641d2f11a4cd8dfd5634f55228b691e62b37125eb3", size = 149831, upload-time = "2024-12-24T18:10:15.512Z" },
    { url = "https://files.pythonhosted.org/packages/37/ed/be39e5258e198655240db5e19e0b11379163ad7070962d6b0c87ed2c4d39/charset_normalizer-3.4.1-cp311-cp311-manylinux_2_17_s390x.manylinux2014_s390x.whl", hash = "sha256:234ac59ea147c59ee4da87a0c0f098e9c8d169f4dc2a159ef720f1a61bbe27cd", size = 142335, upload-time = "2024-12-24T18:10:18.369Z" },
    { url = "https://files.pythonhosted.org/packages/88/83/489e9504711fa05d8dde1574996408026bdbdbd938f23be67deebb5eca92/charset_normalizer-3.4.1-cp311-cp311-manylinux_2_17_x86_64.manylinux2014_x86_64.whl", hash = "sha256:fd4ec41f914fa74ad1b8304bbc634b3de73d2a0889bd32076342a573e0779e00", size = 143862, upload-time = "2024-12-24T18:10:19.743Z" },
    { url = "https://files.pythonhosted.org/packages/c6/c7/32da20821cf387b759ad24627a9aca289d2822de929b8a41b6241767b461/charset_normalizer-3.4.1-cp311-cp311-manylinux_2_5_i686.manylinux1_i686.manylinux_2_17_i686.manylinux2014_i686.whl", hash = "sha256:eea6ee1db730b3483adf394ea72f808b6e18cf3cb6454b4d86e04fa8c4327a12", size = 145673, upload-time = "2024-12-24T18:10:21.139Z" },
    { url = "https://files.pythonhosted.org/packages/68/85/f4288e96039abdd5aeb5c546fa20a37b50da71b5cf01e75e87f16cd43304/charset_normalizer-3.4.1-cp311-cp311-musllinux_1_2_aarch64.whl", hash = "sha256:c96836c97b1238e9c9e3fe90844c947d5afbf4f4c92762679acfe19927d81d77", size = 140211, upload-time = "2024-12-24T18:10:22.382Z" },
    { url = "https://files.pythonhosted.org/packages/28/a3/a42e70d03cbdabc18997baf4f0227c73591a08041c149e710045c281f97b/charset_normalizer-3.4.1-cp311-cp311-musllinux_1_2_i686.whl", hash = "sha256:4d86f7aff21ee58f26dcf5ae81a9addbd914115cdebcbb2217e4f0ed8982e146", size = 148039, upload-time = "2024-12-24T18:10:24.802Z" },
    { url = "https://files.pythonhosted.org/packages/85/e4/65699e8ab3014ecbe6f5c71d1a55d810fb716bbfd74f6283d5c2aa87febf/charset_normalizer-3.4.1-cp311-cp311-musllinux_1_2_ppc64le.whl", hash = "sha256:09b5e6733cbd160dcc09589227187e242a30a49ca5cefa5a7edd3f9d19ed53fd", size = 151939, upload-time = "2024-12-24T18:10:26.124Z" },
    { url = "https://files.pythonhosted.org/packages/b1/82/8e9fe624cc5374193de6860aba3ea8070f584c8565ee77c168ec13274bd2/charset_normalizer-3.4.1-cp311-cp311-musllinux_1_2_s390x.whl", hash = "sha256:5777ee0881f9499ed0f71cc82cf873d9a0ca8af166dfa0af8ec4e675b7df48e6", size = 149075, upload-time = "2024-12-24T18:10:30.027Z" },
    { url = "https://files.pythonhosted.org/packages/3d/7b/82865ba54c765560c8433f65e8acb9217cb839a9e32b42af4aa8e945870f/charset_normalizer-3.4.1-cp311-cp311-musllinux_1_2_x86_64.whl", hash = "sha256:237bdbe6159cff53b4f24f397d43c6336c6b0b42affbe857970cefbb620911c8", size = 144340, upload-time = "2024-12-24T18:10:32.679Z" },
    { url = "https://files.pythonhosted.org/packages/b5/b6/9674a4b7d4d99a0d2df9b215da766ee682718f88055751e1e5e753c82db0/charset_normalizer-3.4.1-cp311-cp311-win32.whl", hash = "sha256:8417cb1f36cc0bc7eaba8ccb0e04d55f0ee52df06df3ad55259b9a323555fc8b", size = 95205, upload-time = "2024-12-24T18:10:34.724Z" },
    { url = "https://files.pythonhosted.org/packages/1e/ab/45b180e175de4402dcf7547e4fb617283bae54ce35c27930a6f35b6bef15/charset_normalizer-3.4.1-cp311-cp311-win_amd64.whl", hash = "sha256:d7f50a1f8c450f3925cb367d011448c39239bb3eb4117c36a6d354794de4ce76", size = 102441, upload-time = "2024-12-24T18:10:37.574Z" },
    { url = "https://files.pythonhosted.org/packages/0a/9a/dd1e1cdceb841925b7798369a09279bd1cf183cef0f9ddf15a3a6502ee45/charset_normalizer-3.4.1-cp312-cp312-macosx_10_13_universal2.whl", hash = "sha256:73d94b58ec7fecbc7366247d3b0b10a21681004153238750bb67bd9012414545", size = 196105, upload-time = "2024-12-24T18:10:38.83Z" },
    { url = "https://files.pythonhosted.org/packages/d3/8c/90bfabf8c4809ecb648f39794cf2a84ff2e7d2a6cf159fe68d9a26160467/charset_normalizer-3.4.1-cp312-cp312-manylinux_2_17_aarch64.manylinux2014_aarch64.whl", hash = "sha256:dad3e487649f498dd991eeb901125411559b22e8d7ab25d3aeb1af367df5efd7", size = 140404, upload-time = "2024-12-24T18:10:44.272Z" },
    { url = "https://files.pythonhosted.org/packages/ad/8f/e410d57c721945ea3b4f1a04b74f70ce8fa800d393d72899f0a40526401f/charset_normalizer-3.4.1-cp312-cp312-manylinux_2_17_ppc64le.manylinux2014_ppc64le.whl", hash = "sha256:c30197aa96e8eed02200a83fba2657b4c3acd0f0aa4bdc9f6c1af8e8962e0757", size = 150423, upload-time = "2024-12-24T18:10:45.492Z" },
    { url = "https://files.pythonhosted.org/packages/f0/b8/e6825e25deb691ff98cf5c9072ee0605dc2acfca98af70c2d1b1bc75190d/charset_normalizer-3.4.1-cp312-cp312-manylinux_2_17_s390x.manylinux2014_s390x.whl", hash = "sha256:2369eea1ee4a7610a860d88f268eb39b95cb588acd7235e02fd5a5601773d4fa", size = 143184, upload-time = "2024-12-24T18:10:47.898Z" },
    { url = "https://files.pythonhosted.org/packages/3e/a2/513f6cbe752421f16d969e32f3583762bfd583848b763913ddab8d9bfd4f/charset_normalizer-3.4.1-cp312-cp312-manylinux_2_17_x86_64.manylinux2014_x86_64.whl", hash = "sha256:bc2722592d8998c870fa4e290c2eec2c1569b87fe58618e67d38b4665dfa680d", size = 145268, upload-time = "2024-12-24T18:10:50.589Z" },
    { url = "https://files.pythonhosted.org/packages/74/94/8a5277664f27c3c438546f3eb53b33f5b19568eb7424736bdc440a88a31f/charset_normalizer-3.4.1-cp312-cp312-manylinux_2_5_i686.manylinux1_i686.manylinux_2_17_i686.manylinux2014_i686.whl", hash = "sha256:ffc9202a29ab3920fa812879e95a9e78b2465fd10be7fcbd042899695d75e616", size = 147601, upload-time = "2024-12-24T18:10:52.541Z" },
    { url = "https://files.pythonhosted.org/packages/7c/5f/6d352c51ee763623a98e31194823518e09bfa48be2a7e8383cf691bbb3d0/charset_normalizer-3.4.1-cp312-cp312-musllinux_1_2_aarch64.whl", hash = "sha256:804a4d582ba6e5b747c625bf1255e6b1507465494a40a2130978bda7b932c90b", size = 141098, upload-time = "2024-12-24T18:10:53.789Z" },
    { url = "https://files.pythonhosted.org/packages/78/d4/f5704cb629ba5ab16d1d3d741396aec6dc3ca2b67757c45b0599bb010478/charset_normalizer-3.4.1-cp312-cp312-musllinux_1_2_i686.whl", hash = "sha256:0f55e69f030f7163dffe9fd0752b32f070566451afe180f99dbeeb81f511ad8d", size = 149520, upload-time = "2024-12-24T18:10:55.048Z" },
    { url = "https://files.pythonhosted.org/packages/c5/96/64120b1d02b81785f222b976c0fb79a35875457fa9bb40827678e54d1bc8/charset_normalizer-3.4.1-cp312-cp312-musllinux_1_2_ppc64le.whl", hash = "sha256:c4c3e6da02df6fa1410a7680bd3f63d4f710232d3139089536310d027950696a", size = 152852, upload-time = "2024-12-24T18:10:57.647Z" },
    { url = "https://files.pythonhosted.org/packages/84/c9/98e3732278a99f47d487fd3468bc60b882920cef29d1fa6ca460a1fdf4e6/charset_normalizer-3.4.1-cp312-cp312-musllinux_1_2_s390x.whl", hash = "sha256:5df196eb874dae23dcfb968c83d4f8fdccb333330fe1fc278ac5ceeb101003a9", size = 150488, upload-time = "2024-12-24T18:10:59.43Z" },
    { url = "https://files.pythonhosted.org/packages/13/0e/9c8d4cb99c98c1007cc11eda969ebfe837bbbd0acdb4736d228ccaabcd22/charset_normalizer-3.4.1-cp312-cp312-musllinux_1_2_x86_64.whl", hash = "sha256:e358e64305fe12299a08e08978f51fc21fac060dcfcddd95453eabe5b93ed0e1", size = 146192, upload-time = "2024-12-24T18:11:00.676Z" },
    { url = "https://files.pythonhosted.org/packages/b2/21/2b6b5b860781a0b49427309cb8670785aa543fb2178de875b87b9cc97746/charset_normalizer-3.4.1-cp312-cp312-win32.whl", hash = "sha256:9b23ca7ef998bc739bf6ffc077c2116917eabcc901f88da1b9856b210ef63f35", size = 95550, upload-time = "2024-12-24T18:11:01.952Z" },
    { url = "https://files.pythonhosted.org/packages/21/5b/1b390b03b1d16c7e382b561c5329f83cc06623916aab983e8ab9239c7d5c/charset_normalizer-3.4.1-cp312-cp312-win_amd64.whl", hash = "sha256:6ff8a4a60c227ad87030d76e99cd1698345d4491638dfa6673027c48b3cd395f", size = 102785, upload-time = "2024-12-24T18:11:03.142Z" },
    { url = "https://files.pythonhosted.org/packages/38/94/ce8e6f63d18049672c76d07d119304e1e2d7c6098f0841b51c666e9f44a0/charset_normalizer-3.4.1-cp313-cp313-macosx_10_13_universal2.whl", hash = "sha256:aabfa34badd18f1da5ec1bc2715cadc8dca465868a4e73a0173466b688f29dda", size = 195698, upload-time = "2024-12-24T18:11:05.834Z" },
    { url = "https://files.pythonhosted.org/packages/24/2e/dfdd9770664aae179a96561cc6952ff08f9a8cd09a908f259a9dfa063568/charset_normalizer-3.4.1-cp313-cp313-manylinux_2_17_aarch64.manylinux2014_aarch64.whl", hash = "sha256:22e14b5d70560b8dd51ec22863f370d1e595ac3d024cb8ad7d308b4cd95f8313", size = 140162, upload-time = "2024-12-24T18:11:07.064Z" },
    { url = "https://files.pythonhosted.org/packages/24/4e/f646b9093cff8fc86f2d60af2de4dc17c759de9d554f130b140ea4738ca6/charset_normalizer-3.4.1-cp313-cp313-manylinux_2_17_ppc64le.manylinux2014_ppc64le.whl", hash = "sha256:8436c508b408b82d87dc5f62496973a1805cd46727c34440b0d29d8a2f50a6c9", size = 150263, upload-time = "2024-12-24T18:11:08.374Z" },
    { url = "https://files.pythonhosted.org/packages/5e/67/2937f8d548c3ef6e2f9aab0f6e21001056f692d43282b165e7c56023e6dd/charset_normalizer-3.4.1-cp313-cp313-manylinux_2_17_s390x.manylinux2014_s390x.whl", hash = "sha256:2d074908e1aecee37a7635990b2c6d504cd4766c7bc9fc86d63f9c09af3fa11b", size = 142966, upload-time = "2024-12-24T18:11:09.831Z" },
    { url = "https://files.pythonhosted.org/packages/52/ed/b7f4f07de100bdb95c1756d3a4d17b90c1a3c53715c1a476f8738058e0fa/charset_normalizer-3.4.1-cp313-cp313-manylinux_2_17_x86_64.manylinux2014_x86_64.whl", hash = "sha256:955f8851919303c92343d2f66165294848d57e9bba6cf6e3625485a70a038d11", size = 144992, upload-time = "2024-12-24T18:11:12.03Z" },
    { url = "https://files.pythonhosted.org/packages/96/2c/d49710a6dbcd3776265f4c923bb73ebe83933dfbaa841c5da850fe0fd20b/charset_normalizer-3.4.1-cp313-cp313-manylinux_2_5_i686.manylinux1_i686.manylinux_2_17_i686.manylinux2014_i686.whl", hash = "sha256:44ecbf16649486d4aebafeaa7ec4c9fed8b88101f4dd612dcaf65d5e815f837f", size = 147162, upload-time = "2024-12-24T18:11:13.372Z" },
    { url = "https://files.pythonhosted.org/packages/b4/41/35ff1f9a6bd380303dea55e44c4933b4cc3c4850988927d4082ada230273/charset_normalizer-3.4.1-cp313-cp313-musllinux_1_2_aarch64.whl", hash = "sha256:0924e81d3d5e70f8126529951dac65c1010cdf117bb75eb02dd12339b57749dd", size = 140972, upload-time = "2024-12-24T18:11:14.628Z" },
    { url = "https://files.pythonhosted.org/packages/fb/43/c6a0b685fe6910d08ba971f62cd9c3e862a85770395ba5d9cad4fede33ab/charset_normalizer-3.4.1-cp313-cp313-musllinux_1_2_i686.whl", hash = "sha256:2967f74ad52c3b98de4c3b32e1a44e32975e008a9cd2a8cc8966d6a5218c5cb2", size = 149095, upload-time = "2024-12-24T18:11:17.672Z" },
    { url = "https://files.pythonhosted.org/packages/4c/ff/a9a504662452e2d2878512115638966e75633519ec11f25fca3d2049a94a/charset_normalizer-3.4.1-cp313-cp313-musllinux_1_2_ppc64le.whl", hash = "sha256:c75cb2a3e389853835e84a2d8fb2b81a10645b503eca9bcb98df6b5a43eb8886", size = 152668, upload-time = "2024-12-24T18:11:18.989Z" },
    { url = "https://files.pythonhosted.org/packages/6c/71/189996b6d9a4b932564701628af5cee6716733e9165af1d5e1b285c530ed/charset_normalizer-3.4.1-cp313-cp313-musllinux_1_2_s390x.whl", hash = "sha256:09b26ae6b1abf0d27570633b2b078a2a20419c99d66fb2823173d73f188ce601", size = 150073, upload-time = "2024-12-24T18:11:21.507Z" },
    { url = "https://files.pythonhosted.org/packages/e4/93/946a86ce20790e11312c87c75ba68d5f6ad2208cfb52b2d6a2c32840d922/charset_normalizer-3.4.1-cp313-cp313-musllinux_1_2_x86_64.whl", hash = "sha256:fa88b843d6e211393a37219e6a1c1df99d35e8fd90446f1118f4216e307e48cd", size = 145732, upload-time = "2024-12-24T18:11:22.774Z" },
    { url = "https://files.pythonhosted.org/packages/cd/e5/131d2fb1b0dddafc37be4f3a2fa79aa4c037368be9423061dccadfd90091/charset_normalizer-3.4.1-cp313-cp313-win32.whl", hash = "sha256:eb8178fe3dba6450a3e024e95ac49ed3400e506fd4e9e5c32d30adda88cbd407", size = 95391, upload-time = "2024-12-24T18:11:24.139Z" },
    { url = "https://files.pythonhosted.org/packages/27/f2/4f9a69cc7712b9b5ad8fdb87039fd89abba997ad5cbe690d1835d40405b0/charset_normalizer-3.4.1-cp313-cp313-win_amd64.whl", hash = "sha256:b1ac5992a838106edb89654e0aebfc24f5848ae2547d22c2c3f66454daa11971", size = 102702, upload-time = "2024-12-24T18:11:26.535Z" },
    { url = "https://files.pythonhosted.org/packages/0e/f6/65ecc6878a89bb1c23a086ea335ad4bf21a588990c3f535a227b9eea9108/charset_normalizer-3.4.1-py3-none-any.whl", hash = "sha256:d98b1668f06378c6dbefec3b92299716b931cd4e6061f3c875a71ced1780ab85", size = 49767, upload-time = "2024-12-24T18:12:32.852Z" },
]

[[package]]
name = "course-lists2"
version = "0.1.0"
source = { virtual = "." }
dependencies = [
    { name = "requests" },
]

[package.dev-dependencies]
dev = [
    { name = "coverage" },
]

[package.metadata]
requires-dist = [{ name = "requests", specifier = "==2.32.5" }]

[package.metadata.requires-dev]
dev = [{ name = "coverage", specifier = "==7.11.0" }]

[[package]]
name = "coverage"
version = "7.11.0"
source = { registry = "https://pypi.org/simple" }
sdist = { url = "https://files.pythonhosted.org/packages/1c/38/ee22495420457259d2f3390309505ea98f98a5eed40901cf62196abad006/coverage-7.11.0.tar.gz", hash = "sha256:167bd504ac1ca2af7ff3b81d245dfea0292c5032ebef9d66cc08a7d28c1b8050", size = 811905, upload-time = "2025-10-15T15:15:08.542Z" }
wheels = [
    { url = "https://files.pythonhosted.org/packages/49/3a/ee1074c15c408ddddddb1db7dd904f6b81bc524e01f5a1c5920e13dbde23/coverage-7.11.0-cp311-cp311-macosx_10_9_x86_64.whl", hash = "sha256:3d58ecaa865c5b9fa56e35efc51d1014d4c0d22838815b9fce57a27dd9576847", size = 215912, upload-time = "2025-10-15T15:12:40.665Z" },
    { url = "https://files.pythonhosted.org/packages/70/c4/9f44bebe5cb15f31608597b037d78799cc5f450044465bcd1ae8cb222fe1/coverage-7.11.0-cp311-cp311-macosx_11_0_arm64.whl", hash = "sha256:b679e171f1c104a5668550ada700e3c4937110dbdd153b7ef9055c4f1a1ee3cc", size = 216310, upload-time = "2025-10-15T15:12:42.461Z" },
    { url = "https://files.pythonhosted.org/packages/42/01/5e06077cfef92d8af926bdd86b84fb28bf9bc6ad27343d68be9b501d89f2/coverage-7.11.0-cp311-cp311-manylinux1_i686.manylinux_2_28_i686.manylinux_2_5_i686.whl", hash = "sha256:ca61691ba8c5b6797deb221a0d09d7470364733ea9c69425a640f1f01b7c5bf0", size = 246706, upload-time = "2025-10-15T15:12:44.001Z" },
    { url = "https://files.pythonhosted.org/packages/40/b8/7a3f1f33b35cc4a6c37e759137533119560d06c0cc14753d1a803be0cd4a/coverage-7.11.0-cp311-cp311-manylinux1_x86_64.manylinux_2_28_x86_64.manylinux_2_5_x86_64.whl", hash = "sha256:aef1747ede4bd8ca9cfc04cc3011516500c6891f1b33a94add3253f6f876b7b7", size = 248634, upload-time = "2025-10-15T15:12:45.768Z" },
    { url = "https://files.pythonhosted.org/packages/7a/41/7f987eb33de386bc4c665ab0bf98d15fcf203369d6aacae74f5dd8ec489a/coverage-7.11.0-cp311-cp311-manylinux2014_aarch64.manylinux_2_17_aarch64.manylinux_2_28_aarch64.whl", hash = "sha256:a1839d08406e4cba2953dcc0ffb312252f14d7c4c96919f70167611f4dee2623", size = 250741, upload-time = "2025-10-15T15:12:47.222Z" },
    { url = "https://files.pythonhosted.org/packages/23/c1/a4e0ca6a4e83069fb8216b49b30a7352061ca0cb38654bd2dc96b7b3b7da/coverage-7.11.0-cp311-cp311-manylinux_2_31_riscv64.manylinux_2_39_riscv64.whl", hash = "sha256:e0eb0a2dcc62478eb5b4cbb80b97bdee852d7e280b90e81f11b407d0b81c4287", size = 246837, upload-time = "2025-10-15T15:12:48.904Z" },
    { url = "https://files.pythonhosted.org/packages/5d/03/ced062a17f7c38b4728ff76c3acb40d8465634b20b4833cdb3cc3a74e115/coverage-7.11.0-cp311-cp311-musllinux_1_2_aarch64.whl", hash = "sha256:bc1fbea96343b53f65d5351d8fd3b34fd415a2670d7c300b06d3e14a5af4f552", size = 248429, upload-time = "2025-10-15T15:12:50.73Z" },
    { url = "https://files.pythonhosted.org/packages/97/af/a7c6f194bb8c5a2705ae019036b8fe7f49ea818d638eedb15fdb7bed227c/coverage-7.11.0-cp311-cp311-musllinux_1_2_i686.whl", hash = "sha256:214b622259dd0cf435f10241f1333d32caa64dbc27f8790ab693428a141723de", size = 246490, upload-time = "2025-10-15T15:12:52.646Z" },
    { url = "https://files.pythonhosted.org/packages/ab/c3/aab4df02b04a8fde79068c3c41ad7a622b0ef2b12e1ed154da986a727c3f/coverage-7.11.0-cp311-cp311-musllinux_1_2_riscv64.whl", hash = "sha256:258d9967520cca899695d4eb7ea38be03f06951d6ca2f21fb48b1235f791e601", size = 246208, upload-time = "2025-10-15T15:12:54.586Z" },
    { url = "https://files.pythonhosted.org/packages/30/d8/e282ec19cd658238d60ed404f99ef2e45eed52e81b866ab1518c0d4163cf/coverage-7.11.0-cp311-cp311-musllinux_1_2_x86_64.whl", hash = "sha256:cf9e6ff4ca908ca15c157c409d608da77a56a09877b97c889b98fb2c32b6465e", size = 247126, upload-time = "2025-10-15T15:12:56.485Z" },
    { url = "https://files.pythonhosted.org/packages/d1/17/a635fa07fac23adb1a5451ec756216768c2767efaed2e4331710342a3399/coverage-7.11.0-cp311-cp311-win32.whl", hash = "sha256:fcc15fc462707b0680cff6242c48625da7f9a16a28a41bb8fd7a4280920e676c", size = 218314, upload-time = "2025-10-15T15:12:58.365Z" },
    { url = "https://files.pythonhosted.org/packages/2a/29/2ac1dfcdd4ab9a70026edc8d715ece9b4be9a1653075c658ee6f271f394d/coverage-7.11.0-cp311-cp311-win_amd64.whl", hash = "sha256:865965bf955d92790f1facd64fe7ff73551bd2c1e7e6b26443934e9701ba30b9", size = 219203, upload-time = "2025-10-15T15:12:59.902Z" },
    { url = "https://files.pythonhosted.org/packages/03/21/5ce8b3a0133179115af4c041abf2ee652395837cb896614beb8ce8ddcfd9/coverage-7.11.0-cp311-cp311-win_arm64.whl", hash = "sha256:5693e57a065760dcbeb292d60cc4d0231a6d4b6b6f6a3191561e1d5e8820b745", size = 217879, upload-time = "2025-10-15T15:13:01.35Z" },
    { url = "https://files.pythonhosted.org/packages/c4/db/86f6906a7c7edc1a52b2c6682d6dd9be775d73c0dfe2b84f8923dfea5784/coverage-7.11.0-cp312-cp312-macosx_10_13_x86_64.whl", hash = "sha256:9c49e77811cf9d024b95faf86c3f059b11c0c9be0b0d61bc598f453703bd6fd1", size = 216098, upload-time = "2025-10-15T15:13:02.916Z" },
    { url = "https://files.pythonhosted.org/packages/21/54/e7b26157048c7ba555596aad8569ff903d6cd67867d41b75287323678ede/coverage-7.11.0-cp312-cp312-macosx_11_0_arm64.whl", hash = "sha256:a61e37a403a778e2cda2a6a39abcc895f1d984071942a41074b5c7ee31642007", size = 216331, upload-time = "2025-10-15T15:13:04.403Z" },
    { url = "https://files.pythonhosted.org/packages/b9/19/1ce6bf444f858b83a733171306134a0544eaddf1ca8851ede6540a55b2ad/coverage-7.11.0-cp312-cp312-manylinux1_i686.manylinux_2_28_i686.manylinux_2_5_i686.whl", hash = "sha256:c79cae102bb3b1801e2ef1511fb50e91ec83a1ce466b2c7c25010d884336de46", size = 247825, upload-time = "2025-10-15T15:13:05.92Z" },
    { url = "https://files.pythonhosted.org/packages/71/0b/d3bcbbc259fcced5fb67c5d78f6e7ee965f49760c14afd931e9e663a83b2/coverage-7.11.0-cp312-cp312-manylinux1_x86_64.manylinux_2_28_x86_64.manylinux_2_5_x86_64.whl", hash = "sha256:16ce17ceb5d211f320b62df002fa7016b7442ea0fd260c11cec8ce7730954893", size = 250573, upload-time = "2025-10-15T15:13:07.471Z" },
    { url = "https://files.pythonhosted.org/packages/58/8d/b0ff3641a320abb047258d36ed1c21d16be33beed4152628331a1baf3365/coverage-7.11.0-cp312-cp312-manylinux2014_aarch64.manylinux_2_17_aarch64.manylinux_2_28_aarch64.whl", hash = "sha256:80027673e9d0bd6aef86134b0771845e2da85755cf686e7c7c59566cf5a89115", size = 251706, upload-time = "2025-10-15T15:13:09.4Z" },
    { url = "https://files.pythonhosted.org/packages/59/c8/5a586fe8c7b0458053d9c687f5cff515a74b66c85931f7fe17a1c958b4ac/coverage-7.11.0-cp312-cp312-manylinux_2_31_riscv64.manylinux_2_39_riscv64.whl", hash = "sha256:4d3ffa07a08657306cd2215b0da53761c4d73cb54d9143b9303a6481ec0cd415", size = 248221, upload-time = "2025-10-15T15:13:10.964Z" },
    { url = "https://files.pythonhosted.org/packages/d0/ff/3a25e3132804ba44cfa9a778cdf2b73dbbe63ef4b0945e39602fc896ba52/coverage-7.11.0-cp312-cp312-musllinux_1_2_aarch64.whl", hash = "sha256:a3b6a5f8b2524fd6c1066bc85bfd97e78709bb5e37b5b94911a6506b65f47186", size = 249624, upload-time = "2025-10-15T15:13:12.5Z" },
    { url = "https://files.pythonhosted.org/packages/c5/12/ff10c8ce3895e1b17a73485ea79ebc1896a9e466a9d0f4aef63e0d17b718/coverage-7.11.0-cp312-cp312-musllinux_1_2_i686.whl", hash = "sha256:fcc0a4aa589de34bc56e1a80a740ee0f8c47611bdfb28cd1849de60660f3799d", size = 247744, upload-time = "2025-10-15T15:13:14.554Z" },
    { url = "https://files.pythonhosted.org/packages/16/02/d500b91f5471b2975947e0629b8980e5e90786fe316b6d7299852c1d793d/coverage-7.11.0-cp312-cp312-musllinux_1_2_riscv64.whl", hash = "sha256:dba82204769d78c3fd31b35c3d5f46e06511936c5019c39f98320e05b08f794d", size = 247325, upload-time = "2025-10-15T15:13:16.438Z" },
    { url = "https://files.pythonhosted.org/packages/77/11/dee0284fbbd9cd64cfce806b827452c6df3f100d9e66188e82dfe771d4af/coverage-7.11.0-cp312-cp312-musllinux_1_2_x86_64.whl", hash = "sha256:81b335f03ba67309a95210caf3eb43bd6fe75a4e22ba653ef97b4696c56c7ec2", size = 249180, upload-time = "2025-10-15T15:13:17.959Z" },
    { url = "https://files.pythonhosted.org/packages/59/1b/cdf1def928f0a150a057cab03286774e73e29c2395f0d30ce3d9e9f8e697/coverage-7.11.0-cp312-cp312-win32.whl", hash = "sha256:037b2d064c2f8cc8716fe4d39cb705779af3fbf1ba318dc96a1af858888c7bb5", size = 218479, upload-time = "2025-10-15T15:13:19.608Z" },
    { url = "https://files.pythonhosted.org/packages/ff/55/e5884d55e031da9c15b94b90a23beccc9d6beee65e9835cd6da0a79e4f3a/coverage-7.11.0-cp312-cp312-win_amd64.whl", hash = "sha256:d66c0104aec3b75e5fd897e7940188ea1892ca1d0235316bf89286d6a22568c0", size = 219290, upload-time = "2025-10-15T15:13:21.593Z" },
    { url = "https://files.pythonhosted.org/packages/23/a8/faa930cfc71c1d16bc78f9a19bb73700464f9c331d9e547bfbc1dbd3a108/coverage-7.11.0-cp312-cp312-win_arm64.whl", hash = "sha256:d91ebeac603812a09cf6a886ba6e464f3bbb367411904ae3790dfe28311b15ad", size = 217924, upload-time = "2025-10-15T15:13:23.39Z" },
    { url = "https://files.pythonhosted.org/packages/60/7f/85e4dfe65e400645464b25c036a26ac226cf3a69d4a50c3934c532491cdd/coverage-7.11.0-cp313-cp313-macosx_10_13_x86_64.whl", hash = "sha256:cc3f49e65ea6e0d5d9bd60368684fe52a704d46f9e7fc413918f18d046ec40e1", size = 216129, upload-time = "2025-10-15T15:13:25.371Z" },
    { url = "https://files.pythonhosted.org/packages/96/5d/dc5fa98fea3c175caf9d360649cb1aa3715e391ab00dc78c4c66fabd7356/coverage-7.11.0-cp313-cp313-macosx_11_0_arm64.whl", hash = "sha256:f39ae2f63f37472c17b4990f794035c9890418b1b8cca75c01193f3c8d3e01be", size = 216380, upload-time = "2025-10-15T15:13:26.976Z" },
    { url = "https://files.pythonhosted.org/packages/b2/f5/3da9cc9596708273385189289c0e4d8197d37a386bdf17619013554b3447/coverage-7.11.0-cp313-cp313-manylinux1_i686.manylinux_2_28_i686.manylinux_2_5_i686.whl", hash = "sha256:7db53b5cdd2917b6eaadd0b1251cf4e7d96f4a8d24e174bdbdf2f65b5ea7994d", size = 247375, upload-time = "2025-10-15T15:13:28.923Z" },
    { url = "https://files.pythonhosted.org/packages/65/6c/f7f59c342359a235559d2bc76b0c73cfc4bac7d61bb0df210965cb1ecffd/coverage-7.11.0-cp313-cp313-manylinux1_x86_64.manylinux_2_28_x86_64.manylinux_2_5_x86_64.whl", hash = "sha256:10ad04ac3a122048688387828b4537bc9cf60c0bf4869c1e9989c46e45690b82", size = 249978, upload-time = "2025-10-15T15:13:30.525Z" },
    { url = "https://files.pythonhosted.org/packages/e7/8c/042dede2e23525e863bf1ccd2b92689692a148d8b5fd37c37899ba882645/coverage-7.11.0-cp313-cp313-manylinux2014_aarch64.manylinux_2_17_aarch64.manylinux_2_28_aarch64.whl", hash = "sha256:4036cc9c7983a2b1f2556d574d2eb2154ac6ed55114761685657e38782b23f52", size = 251253, upload-time = "2025-10-15T15:13:32.174Z" },
    { url = "https://files.pythonhosted.org/packages/7b/a9/3c58df67bfa809a7bddd786356d9c5283e45d693edb5f3f55d0986dd905a/coverage-7.11.0-cp313-cp313-manylinux_2_31_riscv64.manylinux_2_39_riscv64.whl", hash = "sha256:7ab934dd13b1c5e94b692b1e01bd87e4488cb746e3a50f798cb9464fd128374b", size = 247591, upload-time = "2025-10-15T15:13:34.147Z" },
    { url = "https://files.pythonhosted.org/packages/26/5b/c7f32efd862ee0477a18c41e4761305de6ddd2d49cdeda0c1116227570fd/coverage-7.11.0-cp313-cp313-musllinux_1_2_aarch64.whl", hash = "sha256:59a6e5a265f7cfc05f76e3bb53eca2e0dfe90f05e07e849930fecd6abb8f40b4", size = 249411, upload-time = "2025-10-15T15:13:38.425Z" },
    { url = "https://files.pythonhosted.org/packages/76/b5/78cb4f1e86c1611431c990423ec0768122905b03837e1b4c6a6f388a858b/coverage-7.11.0-cp313-cp313-musllinux_1_2_i686.whl", hash = "sha256:df01d6c4c81e15a7c88337b795bb7595a8596e92310266b5072c7e301168efbd", size = 247303, upload-time = "2025-10-15T15:13:40.464Z" },
    { url = "https://files.pythonhosted.org/packages/87/c9/23c753a8641a330f45f221286e707c427e46d0ffd1719b080cedc984ec40/coverage-7.11.0-cp313-cp313-musllinux_1_2_riscv64.whl", hash = "sha256:8c934bd088eed6174210942761e38ee81d28c46de0132ebb1801dbe36a390dcc", size = 247157, upload-time = "2025-10-15T15:13:42.087Z" },
    { url = "https://files.pythonhosted.org/packages/c5/42/6e0cc71dc8a464486e944a4fa0d85bdec031cc2969e98ed41532a98336b9/coverage-7.11.0-cp313-cp313-musllinux_1_2_x86_64.whl", hash = "sha256:5a03eaf7ec24078ad64a07f02e30060aaf22b91dedf31a6b24d0d98d2bba7f48", size = 248921, upload-time = "2025-10-15T15:13:43.715Z" },
    { url = "https://files.pythonhosted.org/packages/e8/1c/743c2ef665e6858cccb0f84377dfe3a4c25add51e8c7ef19249be92465b6/coverage-7.11.0-cp313-cp313-win32.whl", hash = "sha256:695340f698a5f56f795b2836abe6fb576e7c53d48cd155ad2f80fd24bc63a040", size = 218526, upload-time = "2025-10-15T15:13:45.336Z" },
    { url = "https://files.pythonhosted.org/packages/ff/d5/226daadfd1bf8ddbccefbd3aa3547d7b960fb48e1bdac124e2dd13a2b71a/coverage-7.11.0-cp313-cp313-win_amd64.whl", hash = "sha256:2727d47fce3ee2bac648528e41455d1b0c46395a087a229deac75e9f88ba5a05", size = 219317, upload-time = "2025-10-15T15:13:47.401Z" },
    { url = "https://files.pythonhosted.org/packages/97/54/47db81dcbe571a48a298f206183ba8a7ba79200a37cd0d9f4788fcd2af4a/coverage-7.11.0-cp313-cp313-win_arm64.whl", hash = "sha256:0efa742f431529699712b92ecdf22de8ff198df41e43aeaaadf69973eb93f17a", size = 217948, upload-time = "2025-10-15T15:13:49.096Z" },
    { url = "https://files.pythonhosted.org/packages/e5/8b/cb68425420154e7e2a82fd779a8cc01549b6fa83c2ad3679cd6c088ebd07/coverage-7.11.0-cp313-cp313t-macosx_10_13_x86_64.whl", hash = "sha256:587c38849b853b157706407e9ebdca8fd12f45869edb56defbef2daa5fb0812b", size = 216837, upload-time = "2025-10-15T15:13:51.09Z" },
    { url = "https://files.pythonhosted.org/packages/33/55/9d61b5765a025685e14659c8d07037247de6383c0385757544ffe4606475/coverage-7.11.0-cp313-cp313t-macosx_11_0_arm64.whl", hash = "sha256:b971bdefdd75096163dd4261c74be813c4508477e39ff7b92191dea19f24cd37", size = 217061, upload-time = "2025-10-15T15:13:52.747Z" },
    { url = "https://files.pythonhosted.org/packages/52/85/292459c9186d70dcec6538f06ea251bc968046922497377bf4a1dc9a71de/coverage-7.11.0-cp313-cp313t-manylinux1_i686.manylinux_2_28_i686.manylinux_2_5_i686.whl", hash = "sha256:269bfe913b7d5be12ab13a95f3a76da23cf147be7fa043933320ba5625f0a8de", size = 258398, upload-time = "2025-10-15T15:13:54.45Z" },
    { url = "https://files.pythonhosted.org/packages/1f/e2/46edd73fb8bf51446c41148d81944c54ed224854812b6ca549be25113ee0/coverage-7.11.0-cp313-cp313t-manylinux1_x86_64.manylinux_2_28_x86_64.manylinux_2_5_x86_64.whl", hash = "sha256:dadbcce51a10c07b7c72b0ce4a25e4b6dcb0c0372846afb8e5b6307a121eb99f", size = 260574, upload-time = "2025-10-15T15:13:56.145Z" },
    { url = "https://files.pythonhosted.org/packages/07/5e/1df469a19007ff82e2ca8fe509822820a31e251f80ee7344c34f6cd2ec43/coverage-7.11.0-cp313-cp313t-manylinux2014_aarch64.manylinux_2_17_aarch64.manylinux_2_28_aarch64.whl", hash = "sha256:9ed43fa22c6436f7957df036331f8fe4efa7af132054e1844918866cd228af6c", size = 262797, upload-time = "2025-10-15T15:13:58.635Z" },
    { url = "https://files.pythonhosted.org/packages/f9/50/de216b31a1434b94d9b34a964c09943c6be45069ec704bfc379d8d89a649/coverage-7.11.0-cp313-cp313t-manylinux_2_31_riscv64.manylinux_2_39_riscv64.whl", hash = "sha256:9516add7256b6713ec08359b7b05aeff8850c98d357784c7205b2e60aa2513fa", size = 257361, upload-time = "2025-10-15T15:14:00.409Z" },
    { url = "https://files.pythonhosted.org/packages/82/1e/3f9f8344a48111e152e0fd495b6fff13cc743e771a6050abf1627a7ba918/coverage-7.11.0-cp313-cp313t-musllinux_1_2_aarch64.whl", hash = "sha256:eb92e47c92fcbcdc692f428da67db33337fa213756f7adb6a011f7b5a7a20740", size = 260349, upload-time = "2025-10-15T15:14:02.188Z" },
    { url = "https://files.pythonhosted.org/packages/65/9b/3f52741f9e7d82124272f3070bbe316006a7de1bad1093f88d59bfc6c548/coverage-7.11.0-cp313-cp313t-musllinux_1_2_i686.whl", hash = "sha256:d06f4fc7acf3cabd6d74941d53329e06bab00a8fe10e4df2714f0b134bfc64ef", size = 258114, upload-time = "2025-10-15T15:14:03.907Z" },
    { url = "https://files.pythonhosted.org/packages/0b/8b/918f0e15f0365d50d3986bbd3338ca01178717ac5678301f3f547b6619e6/coverage-7.11.0-cp313-cp313t-musllinux_1_2_riscv64.whl", hash = "sha256:6fbcee1a8f056af07ecd344482f711f563a9eb1c2cad192e87df00338ec3cdb0", size = 256723, upload-time = "2025-10-15T15:14:06.324Z" },
    { url = "https://files.pythonhosted.org/packages/44/9e/7776829f82d3cf630878a7965a7d70cc6ca94f22c7d20ec4944f7148cb46/coverage-7.11.0-cp313-cp313t-musllinux_1_2_x86_64.whl", hash = "sha256:dbbf012be5f32533a490709ad597ad8a8ff80c582a95adc8d62af664e532f9ca", size = 259238, upload-time = "2025-10-15T15:14:08.002Z" },
    { url = "https://files.pythonhosted.org/packages/9a/b8/49cf253e1e7a3bedb85199b201862dd7ca4859f75b6cf25ffa7298aa0760/coverage-7.11.0-cp313-cp313t-win32.whl", hash = "sha256:cee6291bb4fed184f1c2b663606a115c743df98a537c969c3c64b49989da96c2", size = 219180, upload-time = "2025-10-15T15:14:09.786Z" },
    { url = "https://files.pythonhosted.org/packages/ac/e1/1a541703826be7ae2125a0fb7f821af5729d56bb71e946e7b933cc7a89a4/coverage-7.11.0-cp313-cp313t-win_amd64.whl", hash = "sha256:a386c1061bf98e7ea4758e4313c0ab5ecf57af341ef0f43a0bf26c2477b5c268", size = 220241, upload-time = "2025-10-15T15:14:11.471Z" },
    { url = "https://files.pythonhosted.org/packages/d5/d1/5ee0e0a08621140fd418ec4020f595b4d52d7eb429ae6a0c6542b4ba6f14/coverage-7.11.0-cp313-cp313t-win_arm64.whl", hash = "sha256:f9ea02ef40bb83823b2b04964459d281688fe173e20643870bb5d2edf68bc836", size = 218510, upload-time = "2025-10-15T15:14:13.46Z" },
    { url = "https://files.pythonhosted.org/packages/f4/06/e923830c1985ce808e40a3fa3eb46c13350b3224b7da59757d37b6ce12b8/coverage-7.11.0-cp314-cp314-macosx_10_13_x86_64.whl", hash = "sha256:c770885b28fb399aaf2a65bbd1c12bf6f307ffd112d6a76c5231a94276f0c497", size = 216110, upload-time = "2025-10-15T15:14:15.157Z" },
    { url = "https://files.pythonhosted.org/packages/42/82/cdeed03bfead45203fb651ed756dfb5266028f5f939e7f06efac4041dad5/coverage-7.11.0-cp314-cp314-macosx_11_0_arm64.whl", hash = "sha256:a3d0e2087dba64c86a6b254f43e12d264b636a39e88c5cc0a01a7c71bcfdab7e", size = 216395, upload-time = "2025-10-15T15:14:16.863Z" },
    { url = "https://files.pythonhosted.org/packages/fc/ba/e1c80caffc3199aa699813f73ff097bc2df7b31642bdbc7493600a8f1de5/coverage-7.11.0-cp314-cp314-manylinux1_i686.manylinux_2_28_i686.manylinux_2_5_i686.whl", hash = "sha256:73feb83bb41c32811973b8565f3705caf01d928d972b72042b44e97c71fd70d1", size = 247433, upload-time = "2025-10-15T15:14:18.589Z" },
    { url = "https://files.pythonhosted.org/packages/80/c0/5b259b029694ce0a5bbc1548834c7ba3db41d3efd3474489d7efce4ceb18/coverage-7.11.0-cp314-cp314-manylinux1_x86_64.manylinux_2_28_x86_64.manylinux_2_5_x86_64.whl", hash = "sha256:c6f31f281012235ad08f9a560976cc2fc9c95c17604ff3ab20120fe480169bca", size = 249970, upload-time = "2025-10-15T15:14:20.307Z" },
    { url = "https://files.pythonhosted.org/packages/8c/86/171b2b5e1aac7e2fd9b43f7158b987dbeb95f06d1fbecad54ad8163ae3e8/coverage-7.11.0-cp314-cp314-manylinux2014_aarch64.manylinux_2_17_aarch64.manylinux_2_28_aarch64.whl", hash = "sha256:e9570ad567f880ef675673992222746a124b9595506826b210fbe0ce3f0499cd", size = 251324, upload-time = "2025-10-15T15:14:22.419Z" },
    { url = "https://files.pythonhosted.org/packages/1a/7e/7e10414d343385b92024af3932a27a1caf75c6e27ee88ba211221ff1a145/coverage-7.11.0-cp314-cp314-manylinux_2_31_riscv64.manylinux_2_39_riscv64.whl", hash = "sha256:8badf70446042553a773547a61fecaa734b55dc738cacf20c56ab04b77425e43", size = 247445, upload-time = "2025-10-15T15:14:24.205Z" },
    { url = "https://files.pythonhosted.org/packages/c4/3b/e4f966b21f5be8c4bf86ad75ae94efa0de4c99c7bbb8114476323102e345/coverage-7.11.0-cp314-cp314-musllinux_1_2_aarch64.whl", hash = "sha256:a09c1211959903a479e389685b7feb8a17f59ec5a4ef9afde7650bd5eabc2777", size = 249324, upload-time = "2025-10-15T15:14:26.234Z" },
    { url = "https://files.pythonhosted.org/packages/00/a2/8479325576dfcd909244d0df215f077f47437ab852ab778cfa2f8bf4d954/coverage-7.11.0-cp314-cp314-musllinux_1_2_i686.whl", hash = "sha256:5ef83b107f50db3f9ae40f69e34b3bd9337456c5a7fe3461c7abf8b75dd666a2", size = 247261, upload-time = "2025-10-15T15:14:28.42Z" },
    { url = "https://files.pythonhosted.org/packages/7b/d8/3a9e2db19d94d65771d0f2e21a9ea587d11b831332a73622f901157cc24b/coverage-7.11.0-cp314-cp314-musllinux_1_2_riscv64.whl", hash = "sha256:f91f927a3215b8907e214af77200250bb6aae36eca3f760f89780d13e495388d", size = 247092, upload-time = "2025-10-15T15:14:30.784Z" },
    { url = "https://files.pythonhosted.org/packages/b3/b1/bbca3c472544f9e2ad2d5116b2379732957048be4b93a9c543fcd0207e5f/coverage-7.11.0-cp314-cp314-musllinux_1_2_x86_64.whl", hash = "sha256:cdbcd376716d6b7fbfeedd687a6c4be019c5a5671b35f804ba76a4c0a778cba4", size = 248755, upload-time = "2025-10-15T15:14:32.585Z" },
    { url = "https://files.pythonhosted.org/packages/89/49/638d5a45a6a0f00af53d6b637c87007eb2297042186334e9923a61aa8854/coverage-7.11.0-cp314-cp314-win32.whl", hash = "sha256:bab7ec4bb501743edc63609320aaec8cd9188b396354f482f4de4d40a9d10721", size = 218793, upload-time = "2025-10-15T15:14:34.972Z" },
    { url = "https://files.pythonhosted.org/packages/30/cc/b675a51f2d068adb3cdf3799212c662239b0ca27f4691d1fff81b92ea850/coverage-7.11.0-cp314-cp314-win_amd64.whl", hash = "sha256:3d4ba9a449e9364a936a27322b20d32d8b166553bfe63059bd21527e681e2fad", size = 219587, upload-time = "2025-10-15T15:14:37.047Z" },
    { url = "https://files.pythonhosted.org/packages/93/98/5ac886876026de04f00820e5094fe22166b98dcb8b426bf6827aaf67048c/coverage-7.11.0-cp314-cp314-win_arm64.whl", hash = "sha256:ce37f215223af94ef0f75ac68ea096f9f8e8c8ec7d6e8c346ee45c0d363f0479", size = 218168, upload-time = "2025-10-15T15:14:38.861Z" },
    { url = "https://files.pythonhosted.org/packages/14/d1/b4145d35b3e3ecf4d917e97fc8895bcf027d854879ba401d9ff0f533f997/coverage-7.11.0-cp314-cp314t-macosx_10_13_x86_64.whl", hash = "sha256:f413ce6e07e0d0dc9c433228727b619871532674b45165abafe201f200cc215f", size = 216850, upload-time = "2025-10-15T15:14:40.651Z" },
    { url = "https://files.pythonhosted.org/packages/ca/d1/7f645fc2eccd318369a8a9948acc447bb7c1ade2911e31d3c5620544c22b/coverage-7.11.0-cp314-cp314t-macosx_11_0_arm64.whl", hash = "sha256:05791e528a18f7072bf5998ba772fe29db4da1234c45c2087866b5ba4dea710e", size = 217071, upload-time = "2025-10-15T15:14:42.755Z" },
    { url = "https://files.pythonhosted.org/packages/54/7d/64d124649db2737ceced1dfcbdcb79898d5868d311730f622f8ecae84250/coverage-7.11.0-cp314-cp314t-manylinux1_i686.manylinux_2_28_i686.manylinux_2_5_i686.whl", hash = "sha256:cacb29f420cfeb9283b803263c3b9a068924474ff19ca126ba9103e1278dfa44", size = 258570, upload-time = "2025-10-15T15:14:44.542Z" },
    { url = "https://files.pythonhosted.org/packages/6c/3f/6f5922f80dc6f2d8b2c6f974835c43f53eb4257a7797727e6ca5b7b2ec1f/coverage-7.11.0-cp314-cp314t-manylinux1_x86_64.manylinux_2_28_x86_64.manylinux_2_5_x86_64.whl", hash = "sha256:314c24e700d7027ae3ab0d95fbf8d53544fca1f20345fd30cd219b737c6e58d3", size = 260738, upload-time = "2025-10-15T15:14:46.436Z" },
    { url = "https://files.pythonhosted.org/packages/0e/5f/9e883523c4647c860b3812b417a2017e361eca5b635ee658387dc11b13c1/coverage-7.11.0-cp314-cp314t-manylinux2014_aarch64.manylinux_2_17_aarch64.manylinux_2_28_aarch64.whl", hash = "sha256:630d0bd7a293ad2fc8b4b94e5758c8b2536fdf36c05f1681270203e463cbfa9b", size = 262994, upload-time = "2025-10-15T15:14:48.3Z" },
    { url = "https://files.pythonhosted.org/packages/07/bb/43b5a8e94c09c8bf51743ffc65c4c841a4ca5d3ed191d0a6919c379a1b83/coverage-7.11.0-cp314-cp314t-manylinux_2_31_riscv64.manylinux_2_39_riscv64.whl", hash = "sha256:e89641f5175d65e2dbb44db15fe4ea48fade5d5bbb9868fdc2b4fce22f4a469d", size = 257282, upload-time = "2025-10-15T15:14:50.236Z" },
    { url = "https://files.pythonhosted.org/packages/aa/e5/0ead8af411411330b928733e1d201384b39251a5f043c1612970310e8283/coverage-7.11.0-cp314-cp314t-musllinux_1_2_aarch64.whl", hash = "sha256:c9f08ea03114a637dab06cedb2e914da9dc67fa52c6015c018ff43fdde25b9c2", size = 260430, upload-time = "2025-10-15T15:14:52.413Z" },
    { url = "https://files.pythonhosted.org/packages/ae/66/03dd8bb0ba5b971620dcaac145461950f6d8204953e535d2b20c6b65d729/coverage-7.11.0-cp314-cp314t-musllinux_1_2_i686.whl", hash = "sha256:ce9f3bde4e9b031eaf1eb61df95c1401427029ea1bfddb8621c1161dcb0fa02e", size = 258190, upload-time = "2025-10-15T15:14:54.268Z" },
    { url = "https://files.pythonhosted.org/packages/45/ae/28a9cce40bf3174426cb2f7e71ee172d98e7f6446dff936a7ccecee34b14/coverage-7.11.0-cp314-cp314t-musllinux_1_2_riscv64.whl", hash = "sha256:e4dc07e95495923d6fd4d6c27bf70769425b71c89053083843fd78f378558996", size = 256658, upload-time = "2025-10-15T15:14:56.436Z" },
    { url = "https://files.pythonhosted.org/packages/5c/7c/3a44234a8599513684bfc8684878fd7b126c2760f79712bb78c56f19efc4/coverage-7.11.0-cp314-cp314t-musllinux_1_2_x86_64.whl", hash = "sha256:424538266794db2861db4922b05d729ade0940ee69dcf0591ce8f69784db0e11", size = 259342, upload-time = "2025-10-15T15:14:58.538Z" },
    { url = "https://files.pythonhosted.org/packages/e1/e6/0108519cba871af0351725ebdb8660fd7a0fe2ba3850d56d32490c7d9b4b/coverage-7.11.0-cp314-cp314t-win32.whl", hash = "sha256:4c1eeb3fb8eb9e0190bebafd0462936f75717687117339f708f395fe455acc73", size = 219568, upload-time = "2025-10-15T15:15:00.382Z" },
    { url = "https://files.pythonhosted.org/packages/c9/76/44ba876e0942b4e62fdde23ccb029ddb16d19ba1bef081edd00857ba0b16/coverage-7.11.0-cp314-cp314t-win_amd64.whl", hash = "sha256:b56efee146c98dbf2cf5cffc61b9829d1e94442df4d7398b26892a53992d3547", size = 220687, upload-time = "2025-10-15T15:15:02.322Z" },
    { url = "https://files.pythonhosted.org/packages/b9/0c/0df55ecb20d0d0ed5c322e10a441775e1a3a5d78c60f0c4e1abfe6fcf949/coverage-7.11.0-cp314-cp314t-win_arm64.whl", hash = "sha256:b5c2705afa83f49bd91962a4094b6b082f94aef7626365ab3f8f4bd159c5acf3", size = 218711, upload-time = "2025-10-15T15:15:04.575Z" },
    { url = "https://files.pythonhosted.org/packages/5f/04/642c1d8a448ae5ea1369eac8495740a79eb4e581a9fb0cbdce56bbf56da1/coverage-7.11.0-py3-none-any.whl", hash = "sha256:4b7589765348d78fb4e5fb6ea35d07564e387da2fc5efff62e0222971f155f68", size = 207761, upload-time = "2025-10-15T15:15:06.439Z" },
]

[[package]]
name = "idna"
version = "3.10"
source = { registry = "https://pypi.org/simple" }
sdist = { url = "https://files.pythonhosted.org/packages/f1/70/7703c29685631f5a7590aa73f1f1d3fa9a380e654b86af429e0934a32f7d/idna-3.10.tar.gz", hash = "sha256:12f65c9b470abda6dc35cf8e63cc574b1c52b11df2c86030af0ac09b01b13ea9", size = 190490, upload-time = "2024-09-15T18:07:39.745Z" }
wheels = [
    { url = "https://files.pythonhosted.org/packages/76/c6/c88e154df9c4e1a2a66ccf0005a88dfb2650c1dffb6f5ce603dfbd452ce3/idna-3.10-py3-none-any.whl", hash = "sha256:946d195a0d259cbba61165e88e65941f16e9b36ea6ddb97f00452bae8b1287d3", size = 70442, upload-time = "2024-09-15T18:07:37.964Z" },
]

[[package]]
name = "requests"
version = "2.32.5"
source = { registry = "https://pypi.org/simple" }
dependencies = [
    { name = "certifi" },
    { name = "charset-normalizer" },
    { name = "idna" },
    { name = "urllib3" },
]
sdist = { url = "https://files.pythonhosted.org/packages/c9/74/b3ff8e6c8446842c3f5c837e9c3dfcfe2018ea6ecef224c710c85ef728f4/requests-2.32.5.tar.gz", hash = "sha256:dbba0bac56e100853db0ea71b82b4dfd5fe2bf6d3754a8893c3af500cec7d7cf", size = 134517, upload-time = "2025-08-18T20:46:02.573Z" }
wheels = [
    { url = "https://files.pythonhosted.org/packages/1e/db/4254e3eabe8020b458f1a747140d32277ec7a271daf1d235b70dc0b4e6e3/requests-2.32.5-py3-none-any.whl", hash = "sha256:2462f94637a34fd532264295e186976db0f5d453d1cdd31473c85a6a161affb6", size = 64738, upload-time = "2025-08-18T20:46:00.542Z" },
]

[[package]]
name = "urllib3"
version = "2.3.0"
source = { registry = "https://pypi.org/simple" }
sdist = { url = "https://files.pythonhosted.org/packages/aa/63/e53da845320b757bf29ef6a9062f5c669fe997973f966045cb019c3f4b66/urllib3-2.3.0.tar.gz", hash = "sha256:f8c5449b3cf0861679ce7e0503c7b44b5ec981bec0d1d3795a07f1ba96f0204d", size = 307268, upload-time = "2024-12-22T07:47:30.032Z" }
wheels = [
    { url = "https://files.pythonhosted.org/packages/c8/19/4ec628951a74043532ca2cf5d97b7b14863931476d117c471e8e2b1eb39f/urllib3-2.3.0-py3-none-any.whl", hash = "sha256:1cee9ad369867bfdbbb48b7dd50374c0967a0bb7710050facf0dd6911440e3df", size = 128369, upload-time = "2024-12-22T07:47:28.074Z" },
]
